
Microsoft Visual Studio Solution File, Format Version 12.00
# Visual Studio Version 16
VisualStudioVersion = 16.0.30011.22
MinimumVisualStudioVersion = 10.0.40219.1
Project("{9A19103F-16F7-4668-BE54-9A1E7A4F7556}") = "TraditionalChinese", "TraditionalChinese\TraditionalChinese.csproj", "{909EE6AA-C384-4A07-98A8-41994F76E9B7}"
EndProject
Project("{2150E333-8FDC-42A3-9474-1A3956D46DE8}") = "Solution Items", "Solution Items", "{49ACF1B0-48A6-415B-B152-2F1D805DA0D0}"
	ProjectSection(SolutionItems) = preProject
		.gitattributes = .gitattributes
		.gitignore = .gitignore
		Directory.Build.props = Directory.Build.props
		Directory.Build.targets = Directory.Build.targets
		LICENSE = LICENSE
		mod.info = mod.info
		pre-commit-config.yaml = pre-commit-config.yaml
		README.md = README.md
	EndProjectSection
EndProject
Global
	GlobalSection(SolutionConfigurationPlatforms) = preSolution
		Build|Any CPU = Build|Any CPU
	EndGlobalSection
	GlobalSection(ProjectConfigurationPlatforms) = postSolution
		{909EE6AA-C384-4A07-98A8-41994F76E9B7}.Build|Any CPU.ActiveCfg = Build|Any CPU
		{909EE6AA-C384-4A07-98A8-41994F76E9B7}.Build|Any CPU.Build.0 = Build|Any CPU
	EndGlobalSection
	GlobalSection(SolutionProperties) = preSolution
		HideSolutionNode = FALSE
	EndGlobalSection
	GlobalSection(ExtensibilityGlobals) = postSolution
		SolutionGuid = {576A70D0-8387-4F2A-BD6E-E795C6608136}
	EndGlobalSection
EndGlobal
